
Microsoft Visual Studio Solution File, Format Version 12.00
# Visual Studio Version 17
VisualStudioVersion = 17.2.32516.85
MinimumVisualStudioVersion = 10.0.40219.1
Project("{FAE04EC0-301F-11D3-BF4B-00C04F79EFBC}") = "Advanced2_ASP", "Advanced2_ASP.csproj", "{0575BF6E-D092-4D0F-B09A-1BBD889117E1}"
EndProject
Global
	GlobalSection(SolutionConfigurationPlatforms) = preSolution
		Debug|Any CPU = Debug|Any CPU
		Release|Any CPU = Release|Any CPU
	EndGlobalSection
	GlobalSection(ProjectConfigurationPlatforms) = postSolution
		{0575BF6E-D092-4D0F-B09A-1BBD889117E1}.Debug|Any CPU.ActiveCfg = Debug|Any CPU
		{0575BF6E-D092-4D0F-B09A-1BBD889117E1}.Debug|Any CPU.Build.0 = Debug|Any CPU
		{0575BF6E-D092-4D0F-B09A-1BBD889117E1}.Release|Any CPU.ActiveCfg = Release|Any CPU
		{0575BF6E-D092-4D0F-B09A-1BBD889117E1}.Release|Any CPU.Build.0 = Release|Any CPU
	EndGlobalSection
	GlobalSection(SolutionProperties) = preSolution
		HideSolutionNode = FALSE
	EndGlobalSection
	GlobalSection(ExtensibilityGlobals) = postSolution
		SolutionGuid = {27F05679-B87B-48EA-87B3-57FFDB63A5EB}
	EndGlobalSection
EndGlobal
